
Microsoft Visual Studio Solution File, Format Version 12.00
# Visual Studio Version 16
VisualStudioVersion = 16.0.30406.217
MinimumVisualStudioVersion = 10.0.40219.1
Project("{FAE04EC0-301F-11D3-BF4B-00C04F79EFBC}") = "Boolean Logic Assignment", "Boolean Logic Assignment.csproj", "{445B0AFD-BF04-4108-B865-BD8B62F6DE87}"
EndProject
Global
	GlobalSection(SolutionConfigurationPlatforms) = preSolution
		Debug|Any CPU = Debug|Any CPU
		Release|Any CPU = Release|Any CPU
	EndGlobalSection
	GlobalSection(ProjectConfigurationPlatforms) = postSolution
		{445B0AFD-BF04-4108-B865-BD8B62F6DE87}.Debug|Any CPU.ActiveCfg = Debug|Any CPU
		{445B0AFD-BF04-4108-B865-BD8B62F6DE87}.Debug|Any CPU.Build.0 = Debug|Any CPU
		{445B0AFD-BF04-4108-B865-BD8B62F6DE87}.Release|Any CPU.ActiveCfg = Release|Any CPU
		{445B0AFD-BF04-4108-B865-BD8B62F6DE87}.Release|Any CPU.Build.0 = Release|Any CPU
	EndGlobalSection
	GlobalSection(SolutionProperties) = preSolution
		HideSolutionNode = FALSE
	EndGlobalSection
	GlobalSection(ExtensibilityGlobals) = postSolution
		SolutionGuid = {670173E9-B0D0-479D-926F-A2B460D83BE7}
	EndGlobalSection
EndGlobal
