
Microsoft Visual Studio Solution File, Format Version 12.00
# Visual Studio Version 16
VisualStudioVersion = 16.0.30406.217
MinimumVisualStudioVersion = 10.0.40219.1
Project("{FAE04EC0-301F-11D3-BF4B-00C04F79EFBC}") = "Console_App_Main_Six_Assignment", "Console_App_Main_Six_Assignment.csproj", "{ED16708B-8BAC-4789-86E2-6C9916FF895C}"
EndProject
Global
	GlobalSection(SolutionConfigurationPlatforms) = preSolution
		Debug|Any CPU = Debug|Any CPU
		Release|Any CPU = Release|Any CPU
	EndGlobalSection
	GlobalSection(ProjectConfigurationPlatforms) = postSolution
		{ED16708B-8BAC-4789-86E2-6C9916FF895C}.Debug|Any CPU.ActiveCfg = Debug|Any CPU
		{ED16708B-8BAC-4789-86E2-6C9916FF895C}.Debug|Any CPU.Build.0 = Debug|Any CPU
		{ED16708B-8BAC-4789-86E2-6C9916FF895C}.Release|Any CPU.ActiveCfg = Release|Any CPU
		{ED16708B-8BAC-4789-86E2-6C9916FF895C}.Release|Any CPU.Build.0 = Release|Any CPU
	EndGlobalSection
	GlobalSection(SolutionProperties) = preSolution
		HideSolutionNode = FALSE
	EndGlobalSection
	GlobalSection(ExtensibilityGlobals) = postSolution
		SolutionGuid = {CC3DE5F0-2DF0-466C-81B5-E87485D83784}
	EndGlobalSection
EndGlobal
