
Microsoft Visual Studio Solution File, Format Version 12.00
# Visual Studio Version 16
VisualStudioVersion = 16.0.30406.217
MinimumVisualStudioVersion = 10.0.40219.1
Project("{FAE04EC0-301F-11D3-BF4B-00C04F79EFBC}") = "Try_Catch_Assignment", "Try_Catch_Assignment.csproj", "{E32FCFE6-1591-4366-AD1E-2A7EE7A72604}"
EndProject
Global
	GlobalSection(SolutionConfigurationPlatforms) = preSolution
		Debug|Any CPU = Debug|Any CPU
		Release|Any CPU = Release|Any CPU
	EndGlobalSection
	GlobalSection(ProjectConfigurationPlatforms) = postSolution
		{E32FCFE6-1591-4366-AD1E-2A7EE7A72604}.Debug|Any CPU.ActiveCfg = Debug|Any CPU
		{E32FCFE6-1591-4366-AD1E-2A7EE7A72604}.Debug|Any CPU.Build.0 = Debug|Any CPU
		{E32FCFE6-1591-4366-AD1E-2A7EE7A72604}.Release|Any CPU.ActiveCfg = Release|Any CPU
		{E32FCFE6-1591-4366-AD1E-2A7EE7A72604}.Release|Any CPU.Build.0 = Release|Any CPU
	EndGlobalSection
	GlobalSection(SolutionProperties) = preSolution
		HideSolutionNode = FALSE
	EndGlobalSection
	GlobalSection(ExtensibilityGlobals) = postSolution
		SolutionGuid = {CE69D72E-DB26-4A2C-9ACC-5840ECBF2349}
	EndGlobalSection
EndGlobal
