
Microsoft Visual Studio Solution File, Format Version 12.00
# Visual Studio Version 16
VisualStudioVersion = 16.0.30406.217
MinimumVisualStudioVersion = 10.0.40219.1
Project("{FAE04EC0-301F-11D3-BF4B-00C04F79EFBC}") = "Console_Assignment 229", "Console_Assignment 229.csproj", "{F0CA4EC5-FA1C-4EB1-9957-3D3E5B16FB54}"
EndProject
Global
	GlobalSection(SolutionConfigurationPlatforms) = preSolution
		Debug|Any CPU = Debug|Any CPU
		Release|Any CPU = Release|Any CPU
	EndGlobalSection
	GlobalSection(ProjectConfigurationPlatforms) = postSolution
		{F0CA4EC5-FA1C-4EB1-9957-3D3E5B16FB54}.Debug|Any CPU.ActiveCfg = Debug|Any CPU
		{F0CA4EC5-FA1C-4EB1-9957-3D3E5B16FB54}.Debug|Any CPU.Build.0 = Debug|Any CPU
		{F0CA4EC5-FA1C-4EB1-9957-3D3E5B16FB54}.Release|Any CPU.ActiveCfg = Release|Any CPU
		{F0CA4EC5-FA1C-4EB1-9957-3D3E5B16FB54}.Release|Any CPU.Build.0 = Release|Any CPU
	EndGlobalSection
	GlobalSection(SolutionProperties) = preSolution
		HideSolutionNode = FALSE
	EndGlobalSection
	GlobalSection(ExtensibilityGlobals) = postSolution
		SolutionGuid = {F804B701-52D1-421D-9F0F-1FDCC7C52A5F}
	EndGlobalSection
EndGlobal
