
Microsoft Visual Studio Solution File, Format Version 12.00
# Visual Studio Version 16
VisualStudioVersion = 16.0.30406.217
MinimumVisualStudioVersion = 10.0.40219.1
Project("{FAE04EC0-301F-11D3-BF4B-00C04F79EFBC}") = "Class_Assignment_216", "Class_Assignment_216.csproj", "{67E0B0E9-2B01-4420-9160-9DC01ED8E561}"
EndProject
Global
	GlobalSection(SolutionConfigurationPlatforms) = preSolution
		Debug|Any CPU = Debug|Any CPU
		Release|Any CPU = Release|Any CPU
	EndGlobalSection
	GlobalSection(ProjectConfigurationPlatforms) = postSolution
		{67E0B0E9-2B01-4420-9160-9DC01ED8E561}.Debug|Any CPU.ActiveCfg = Debug|Any CPU
		{67E0B0E9-2B01-4420-9160-9DC01ED8E561}.Debug|Any CPU.Build.0 = Debug|Any CPU
		{67E0B0E9-2B01-4420-9160-9DC01ED8E561}.Release|Any CPU.ActiveCfg = Release|Any CPU
		{67E0B0E9-2B01-4420-9160-9DC01ED8E561}.Release|Any CPU.Build.0 = Release|Any CPU
	EndGlobalSection
	GlobalSection(SolutionProperties) = preSolution
		HideSolutionNode = FALSE
	EndGlobalSection
	GlobalSection(ExtensibilityGlobals) = postSolution
		SolutionGuid = {55F76522-D502-4554-9805-E9C92D658D6F}
	EndGlobalSection
EndGlobal
